
Microsoft Visual Studio Solution File, Format Version 12.00
# Visual Studio 15
Project("{FAE04EC0-301F-11D3-BF4B-00C04F79EFBC}") = "Assembly-CSharp", "Assembly-CSharp.csproj", "{FAE804A2-7D25-06F1-7F6C-26FF456C9809}"
EndProject
Project("{FAE04EC0-301F-11D3-BF4B-00C04F79EFBC}") = "Assembly-CSharp-firstpass", "Assembly-CSharp-firstpass.csproj", "{3072BCE2-6DC4-DD30-9158-C9D2EBA01C5B}"
EndProject
Project("{FAE04EC0-301F-11D3-BF4B-00C04F79EFBC}") = "Assembly-CSharp-Editor-firstpass", "Assembly-CSharp-Editor-firstpass.csproj", "{AFA72BBF-C766-E01D-7B25-7AD37E410D94}"
EndProject
Global
	GlobalSection(SolutionConfigurationPlatforms) = preSolution
		Debug|Any CPU = Debug|Any CPU
		Release|Any CPU = Release|Any CPU
	EndGlobalSection
	GlobalSection(ProjectConfigurationPlatforms) = postSolution
		{FAE804A2-7D25-06F1-7F6C-26FF456C9809}.Debug|Any CPU.ActiveCfg = Debug|Any CPU
		{FAE804A2-7D25-06F1-7F6C-26FF456C9809}.Debug|Any CPU.Build.0 = Debug|Any CPU
		{FAE804A2-7D25-06F1-7F6C-26FF456C9809}.Release|Any CPU.ActiveCfg = Release|Any CPU
		{FAE804A2-7D25-06F1-7F6C-26FF456C9809}.Release|Any CPU.Build.0 = Release|Any CPU
		{3072BCE2-6DC4-DD30-9158-C9D2EBA01C5B}.Debug|Any CPU.ActiveCfg = Debug|Any CPU
		{3072BCE2-6DC4-DD30-9158-C9D2EBA01C5B}.Debug|Any CPU.Build.0 = Debug|Any CPU
		{3072BCE2-6DC4-DD30-9158-C9D2EBA01C5B}.Release|Any CPU.ActiveCfg = Release|Any CPU
		{3072BCE2-6DC4-DD30-9158-C9D2EBA01C5B}.Release|Any CPU.Build.0 = Release|Any CPU
		{AFA72BBF-C766-E01D-7B25-7AD37E410D94}.Debug|Any CPU.ActiveCfg = Debug|Any CPU
		{AFA72BBF-C766-E01D-7B25-7AD37E410D94}.Debug|Any CPU.Build.0 = Debug|Any CPU
		{AFA72BBF-C766-E01D-7B25-7AD37E410D94}.Release|Any CPU.ActiveCfg = Release|Any CPU
		{AFA72BBF-C766-E01D-7B25-7AD37E410D94}.Release|Any CPU.Build.0 = Release|Any CPU
	EndGlobalSection
	GlobalSection(SolutionProperties) = preSolution
		HideSolutionNode = FALSE
	EndGlobalSection
EndGlobal
